
Microsoft Visual Studio Solution File, Format Version 12.00
# Visual Studio Version 17
VisualStudioVersion = 17.4.33213.308
MinimumVisualStudioVersion = 10.0.40219.1
Project("{2150E333-8FDC-42A3-9474-1A3956D46DE8}") = "Core", "Core", "{9EB15CE9-7083-4283-83EC-DE79315E4A8C}"
EndProject
Project("{9A19103F-16F7-4668-BE54-9A1E7A4F7556}") = "Sheduler.Domain", "Core\Sheduler.Domain\Sheduler.Domain.csproj", "{1BC0E614-22FB-4AFE-8AF1-69B42465EAB7}"
EndProject
Project("{9A19103F-16F7-4668-BE54-9A1E7A4F7556}") = "Sheduler.Application", "Core\Sheduler.Application\Sheduler.Application.csproj", "{808836B0-A56E-4D1F-94E2-4197B7F1DBE3}"
EndProject
Project("{2150E333-8FDC-42A3-9474-1A3956D46DE8}") = "Infrastructure", "Infrastructure", "{CE854F0B-5F94-4DBE-B372-F21472AF58AB}"
EndProject
Project("{9A19103F-16F7-4668-BE54-9A1E7A4F7556}") = "Sheduler.Persistence", "Infrastructure\Sheduler.Persistence\Sheduler.Persistence.csproj", "{98804F00-2D87-4FE1-9628-76678ED8C508}"
EndProject
Project("{2150E333-8FDC-42A3-9474-1A3956D46DE8}") = "Presentation", "Presentation", "{7B108493-E94B-4154-A061-F29468FAFABD}"
EndProject
Project("{FAE04EC0-301F-11D3-BF4B-00C04F79EFBC}") = "Sheduler.WebApi", "Presentation\Sheduler.WebApi\Sheduler.WebApi.csproj", "{57918FCA-3F93-4F66-B3BE-091F788BD751}"
EndProject
Global
	GlobalSection(SolutionConfigurationPlatforms) = preSolution
		Debug|Any CPU = Debug|Any CPU
		Release|Any CPU = Release|Any CPU
	EndGlobalSection
	GlobalSection(ProjectConfigurationPlatforms) = postSolution
		{1BC0E614-22FB-4AFE-8AF1-69B42465EAB7}.Debug|Any CPU.ActiveCfg = Debug|Any CPU
		{1BC0E614-22FB-4AFE-8AF1-69B42465EAB7}.Debug|Any CPU.Build.0 = Debug|Any CPU
		{1BC0E614-22FB-4AFE-8AF1-69B42465EAB7}.Release|Any CPU.ActiveCfg = Release|Any CPU
		{1BC0E614-22FB-4AFE-8AF1-69B42465EAB7}.Release|Any CPU.Build.0 = Release|Any CPU
		{808836B0-A56E-4D1F-94E2-4197B7F1DBE3}.Debug|Any CPU.ActiveCfg = Debug|Any CPU
		{808836B0-A56E-4D1F-94E2-4197B7F1DBE3}.Debug|Any CPU.Build.0 = Debug|Any CPU
		{808836B0-A56E-4D1F-94E2-4197B7F1DBE3}.Release|Any CPU.ActiveCfg = Release|Any CPU
		{808836B0-A56E-4D1F-94E2-4197B7F1DBE3}.Release|Any CPU.Build.0 = Release|Any CPU
		{98804F00-2D87-4FE1-9628-76678ED8C508}.Debug|Any CPU.ActiveCfg = Debug|Any CPU
		{98804F00-2D87-4FE1-9628-76678ED8C508}.Debug|Any CPU.Build.0 = Debug|Any CPU
		{98804F00-2D87-4FE1-9628-76678ED8C508}.Release|Any CPU.ActiveCfg = Release|Any CPU
		{98804F00-2D87-4FE1-9628-76678ED8C508}.Release|Any CPU.Build.0 = Release|Any CPU
		{57918FCA-3F93-4F66-B3BE-091F788BD751}.Debug|Any CPU.ActiveCfg = Debug|Any CPU
		{57918FCA-3F93-4F66-B3BE-091F788BD751}.Debug|Any CPU.Build.0 = Debug|Any CPU
		{57918FCA-3F93-4F66-B3BE-091F788BD751}.Release|Any CPU.ActiveCfg = Release|Any CPU
		{57918FCA-3F93-4F66-B3BE-091F788BD751}.Release|Any CPU.Build.0 = Release|Any CPU
	EndGlobalSection
	GlobalSection(SolutionProperties) = preSolution
		HideSolutionNode = FALSE
	EndGlobalSection
	GlobalSection(NestedProjects) = preSolution
		{1BC0E614-22FB-4AFE-8AF1-69B42465EAB7} = {9EB15CE9-7083-4283-83EC-DE79315E4A8C}
		{808836B0-A56E-4D1F-94E2-4197B7F1DBE3} = {9EB15CE9-7083-4283-83EC-DE79315E4A8C}
		{98804F00-2D87-4FE1-9628-76678ED8C508} = {CE854F0B-5F94-4DBE-B372-F21472AF58AB}
		{57918FCA-3F93-4F66-B3BE-091F788BD751} = {7B108493-E94B-4154-A061-F29468FAFABD}
	EndGlobalSection
	GlobalSection(ExtensibilityGlobals) = postSolution
		SolutionGuid = {88540DA1-69E6-4544-A0F0-3D6DB7E8158F}
	EndGlobalSection
EndGlobal
